
Microsoft Visual Studio Solution File, Format Version 12.00
# Visual Studio Version 17
VisualStudioVersion = 17.8.34330.188
MinimumVisualStudioVersion = 10.0.40219.1
Project("{FAE04EC0-301F-11D3-BF4B-00C04F79EFBC}") = "PokemonReviewApp", "PokemonReviewApp\PokemonReviewApp.csproj", "{77DDC27B-18BC-472F-8C91-B95CFF952213}"
EndProject
Project("{FAE04EC0-301F-11D3-BF4B-00C04F79EFBC}") = "pokemontest", "pokemontest\pokemontest.csproj", "{51A99013-E55E-4453-B5BF-E14C22809142}"
EndProject
Global
	GlobalSection(SolutionConfigurationPlatforms) = preSolution
		Debug|Any CPU = Debug|Any CPU
		Release|Any CPU = Release|Any CPU
	EndGlobalSection
	GlobalSection(ProjectConfigurationPlatforms) = postSolution
		{77DDC27B-18BC-472F-8C91-B95CFF952213}.Debug|Any CPU.ActiveCfg = Debug|Any CPU
		{77DDC27B-18BC-472F-8C91-B95CFF952213}.Debug|Any CPU.Build.0 = Debug|Any CPU
		{77DDC27B-18BC-472F-8C91-B95CFF952213}.Release|Any CPU.ActiveCfg = Release|Any CPU
		{77DDC27B-18BC-472F-8C91-B95CFF952213}.Release|Any CPU.Build.0 = Release|Any CPU
		{51A99013-E55E-4453-B5BF-E14C22809142}.Debug|Any CPU.ActiveCfg = Debug|Any CPU
		{51A99013-E55E-4453-B5BF-E14C22809142}.Debug|Any CPU.Build.0 = Debug|Any CPU
		{51A99013-E55E-4453-B5BF-E14C22809142}.Release|Any CPU.ActiveCfg = Release|Any CPU
		{51A99013-E55E-4453-B5BF-E14C22809142}.Release|Any CPU.Build.0 = Release|Any CPU
	EndGlobalSection
	GlobalSection(SolutionProperties) = preSolution
		HideSolutionNode = FALSE
	EndGlobalSection
	GlobalSection(ExtensibilityGlobals) = postSolution
		SolutionGuid = {438DE592-67D4-4B04-8E7D-B4D088D9227F}
	EndGlobalSection
EndGlobal
